
Microsoft Visual Studio Solution File, Format Version 12.00
# Visual Studio 15
VisualStudioVersion = 15.0.27703.2035
MinimumVisualStudioVersion = 10.0.40219.1
Project("{FAE04EC0-301F-11D3-BF4B-00C04F79EFBC}") = "Coyl.Android", "Coyl\Coyl.Android\Coyl.Android.csproj", "{393D3DB8-AA57-4775-B666-308DF149E553}"
EndProject
Project("{FAE04EC0-301F-11D3-BF4B-00C04F79EFBC}") = "Coyl.iOS", "Coyl\Coyl.iOS\Coyl.iOS.csproj", "{F37109FE-DAC2-48A0-8AEF-6A7D2B6F8488}"
EndProject
Project("{FAE04EC0-301F-11D3-BF4B-00C04F79EFBC}") = "Coyl.UWP", "Coyl\Coyl.UWP\Coyl.UWP.csproj", "{7EAB86DA-F931-4162-B1F1-C8291C67C677}"
EndProject
Project("{FAE04EC0-301F-11D3-BF4B-00C04F79EFBC}") = "Coyl", "Coyl\Coyl\Coyl.csproj", "{38AD34F8-15B7-4161-B2D9-2A9DD2C249EC}"
EndProject
Global
	GlobalSection(SolutionConfigurationPlatforms) = preSolution
		Ad-Hoc|Any CPU = Ad-Hoc|Any CPU
		Ad-Hoc|ARM = Ad-Hoc|ARM
		Ad-Hoc|iPhone = Ad-Hoc|iPhone
		Ad-Hoc|iPhoneSimulator = Ad-Hoc|iPhoneSimulator
		Ad-Hoc|x64 = Ad-Hoc|x64
		Ad-Hoc|x86 = Ad-Hoc|x86
		AppStore|Any CPU = AppStore|Any CPU
		AppStore|ARM = AppStore|ARM
		AppStore|iPhone = AppStore|iPhone
		AppStore|iPhoneSimulator = AppStore|iPhoneSimulator
		AppStore|x64 = AppStore|x64
		AppStore|x86 = AppStore|x86
		Debug|Any CPU = Debug|Any CPU
		Debug|ARM = Debug|ARM
		Debug|iPhone = Debug|iPhone
		Debug|iPhoneSimulator = Debug|iPhoneSimulator
		Debug|x64 = Debug|x64
		Debug|x86 = Debug|x86
		Release|Any CPU = Release|Any CPU
		Release|ARM = Release|ARM
		Release|iPhone = Release|iPhone
		Release|iPhoneSimulator = Release|iPhoneSimulator
		Release|x64 = Release|x64
		Release|x86 = Release|x86
	EndGlobalSection
	GlobalSection(ProjectConfigurationPlatforms) = postSolution
		{393D3DB8-AA57-4775-B666-308DF149E553}.Ad-Hoc|Any CPU.ActiveCfg = Release|Any CPU
		{393D3DB8-AA57-4775-B666-308DF149E553}.Ad-Hoc|Any CPU.Build.0 = Release|Any CPU
		{393D3DB8-AA57-4775-B666-308DF149E553}.Ad-Hoc|Any CPU.Deploy.0 = Release|Any CPU
		{393D3DB8-AA57-4775-B666-308DF149E553}.Ad-Hoc|ARM.ActiveCfg = Release|Any CPU
		{393D3DB8-AA57-4775-B666-308DF149E553}.Ad-Hoc|ARM.Build.0 = Release|Any CPU
		{393D3DB8-AA57-4775-B666-308DF149E553}.Ad-Hoc|ARM.Deploy.0 = Release|Any CPU
		{393D3DB8-AA57-4775-B666-308DF149E553}.Ad-Hoc|iPhone.ActiveCfg = Release|Any CPU
		{393D3DB8-AA57-4775-B666-308DF149E553}.Ad-Hoc|iPhone.Build.0 = Release|Any CPU
		{393D3DB8-AA57-4775-B666-308DF149E553}.Ad-Hoc|iPhone.Deploy.0 = Release|Any CPU
		{393D3DB8-AA57-4775-B666-308DF149E553}.Ad-Hoc|iPhoneSimulator.ActiveCfg = Release|Any CPU
		{393D3DB8-AA57-4775-B666-308DF149E553}.Ad-Hoc|iPhoneSimulator.Build.0 = Release|Any CPU
		{393D3DB8-AA57-4775-B666-308DF149E553}.Ad-Hoc|iPhoneSimulator.Deploy.0 = Release|Any CPU
		{393D3DB8-AA57-4775-B666-308DF149E553}.Ad-Hoc|x64.ActiveCfg = Release|Any CPU
		{393D3DB8-AA57-4775-B666-308DF149E553}.Ad-Hoc|x64.Build.0 = Release|Any CPU
		{393D3DB8-AA57-4775-B666-308DF149E553}.Ad-Hoc|x64.Deploy.0 = Release|Any CPU
		{393D3DB8-AA57-4775-B666-308DF149E553}.Ad-Hoc|x86.ActiveCfg = Release|Any CPU
		{393D3DB8-AA57-4775-B666-308DF149E553}.Ad-Hoc|x86.Build.0 = Release|Any CPU
		{393D3DB8-AA57-4775-B666-308DF149E553}.Ad-Hoc|x86.Deploy.0 = Release|Any CPU
		{393D3DB8-AA57-4775-B666-308DF149E553}.AppStore|Any CPU.ActiveCfg = Release|Any CPU
		{393D3DB8-AA57-4775-B666-308DF149E553}.AppStore|Any CPU.Build.0 = Release|Any CPU
		{393D3DB8-AA57-4775-B666-308DF149E553}.AppStore|Any CPU.Deploy.0 = Release|Any CPU
		{393D3DB8-AA57-4775-B666-308DF149E553}.AppStore|ARM.ActiveCfg = Release|Any CPU
		{393D3DB8-AA57-4775-B666-308DF149E553}.AppStore|ARM.Build.0 = Release|Any CPU
		{393D3DB8-AA57-4775-B666-308DF149E553}.AppStore|ARM.Deploy.0 = Release|Any CPU
		{393D3DB8-AA57-4775-B666-308DF149E553}.AppStore|iPhone.ActiveCfg = Release|Any CPU
		{393D3DB8-AA57-4775-B666-308DF149E553}.AppStore|iPhone.Build.0 = Release|Any CPU
		{393D3DB8-AA57-4775-B666-308DF149E553}.AppStore|iPhone.Deploy.0 = Release|Any CPU
		{393D3DB8-AA57-4775-B666-308DF149E553}.AppStore|iPhoneSimulator.ActiveCfg = Release|Any CPU
		{393D3DB8-AA57-4775-B666-308DF149E553}.AppStore|iPhoneSimulator.Build.0 = Release|Any CPU
		{393D3DB8-AA57-4775-B666-308DF149E553}.AppStore|iPhoneSimulator.Deploy.0 = Release|Any CPU
		{393D3DB8-AA57-4775-B666-308DF149E553}.AppStore|x64.ActiveCfg = Release|Any CPU
		{393D3DB8-AA57-4775-B666-308DF149E553}.AppStore|x64.Build.0 = Release|Any CPU
		{393D3DB8-AA57-4775-B666-308DF149E553}.AppStore|x64.Deploy.0 = Release|Any CPU
		{393D3DB8-AA57-4775-B666-308DF149E553}.AppStore|x86.ActiveCfg = Release|Any CPU
		{393D3DB8-AA57-4775-B666-308DF149E553}.AppStore|x86.Build.0 = Release|Any CPU
		{393D3DB8-AA57-4775-B666-308DF149E553}.AppStore|x86.Deploy.0 = Release|Any CPU
		{393D3DB8-AA57-4775-B666-308DF149E553}.Debug|Any CPU.ActiveCfg = Debug|Any CPU
		{393D3DB8-AA57-4775-B666-308DF149E553}.Debug|Any CPU.Build.0 = Debug|Any CPU
		{393D3DB8-AA57-4775-B666-308DF149E553}.Debug|Any CPU.Deploy.0 = Debug|Any CPU
		{393D3DB8-AA57-4775-B666-308DF149E553}.Debug|ARM.ActiveCfg = Debug|Any CPU
		{393D3DB8-AA57-4775-B666-308DF149E553}.Debug|ARM.Build.0 = Debug|Any CPU
		{393D3DB8-AA57-4775-B666-308DF149E553}.Debug|ARM.Deploy.0 = Debug|Any CPU
		{393D3DB8-AA57-4775-B666-308DF149E553}.Debug|iPhone.ActiveCfg = Debug|Any CPU
		{393D3DB8-AA57-4775-B666-308DF149E553}.Debug|iPhone.Build.0 = Debug|Any CPU
		{393D3DB8-AA57-4775-B666-308DF149E553}.Debug|iPhone.Deploy.0 = Debug|Any CPU
		{393D3DB8-AA57-4775-B666-308DF149E553}.Debug|iPhoneSimulator.ActiveCfg = Debug|Any CPU
		{393D3DB8-AA57-4775-B666-308DF149E553}.Debug|iPhoneSimulator.Build.0 = Debug|Any CPU
		{393D3DB8-AA57-4775-B666-308DF149E553}.Debug|iPhoneSimulator.Deploy.0 = Debug|Any CPU
		{393D3DB8-AA57-4775-B666-308DF149E553}.Debug|x64.ActiveCfg = Debug|Any CPU
		{393D3DB8-AA57-4775-B666-308DF149E553}.Debug|x64.Build.0 = Debug|Any CPU
		{393D3DB8-AA57-4775-B666-308DF149E553}.Debug|x64.Deploy.0 = Debug|Any CPU
		{393D3DB8-AA57-4775-B666-308DF149E553}.Debug|x86.ActiveCfg = Debug|Any CPU
		{393D3DB8-AA57-4775-B666-308DF149E553}.Debug|x86.Build.0 = Debug|Any CPU
		{393D3DB8-AA57-4775-B666-308DF149E553}.Debug|x86.Deploy.0 = Debug|Any CPU
		{393D3DB8-AA57-4775-B666-308DF149E553}.Release|Any CPU.ActiveCfg = Release|Any CPU
		{393D3DB8-AA57-4775-B666-308DF149E553}.Release|Any CPU.Build.0 = Release|Any CPU
		{393D3DB8-AA57-4775-B666-308DF149E553}.Release|Any CPU.Deploy.0 = Release|Any CPU
		{393D3DB8-AA57-4775-B666-308DF149E553}.Release|ARM.ActiveCfg = Release|Any CPU
		{393D3DB8-AA57-4775-B666-308DF149E553}.Release|ARM.Build.0 = Release|Any CPU
		{393D3DB8-AA57-4775-B666-308DF149E553}.Release|ARM.Deploy.0 = Release|Any CPU
		{393D3DB8-AA57-4775-B666-308DF149E553}.Release|iPhone.ActiveCfg = Release|Any CPU
		{393D3DB8-AA57-4775-B666-308DF149E553}.Release|iPhone.Build.0 = Release|Any CPU
		{393D3DB8-AA57-4775-B666-308DF149E553}.Release|iPhone.Deploy.0 = Release|Any CPU
		{393D3DB8-AA57-4775-B666-308DF149E553}.Release|iPhoneSimulator.ActiveCfg = Release|Any CPU
		{393D3DB8-AA57-4775-B666-308DF149E553}.Release|iPhoneSimulator.Build.0 = Release|Any CPU
		{393D3DB8-AA57-4775-B666-308DF149E553}.Release|iPhoneSimulator.Deploy.0 = Release|Any CPU
		{393D3DB8-AA57-4775-B666-308DF149E553}.Release|x64.ActiveCfg = Release|Any CPU
		{393D3DB8-AA57-4775-B666-308DF149E553}.Release|x64.Build.0 = Release|Any CPU
		{393D3DB8-AA57-4775-B666-308DF149E553}.Release|x64.Deploy.0 = Release|Any CPU
		{393D3DB8-AA57-4775-B666-308DF149E553}.Release|x86.ActiveCfg = Release|Any CPU
		{393D3DB8-AA57-4775-B666-308DF149E553}.Release|x86.Build.0 = Release|Any CPU
		{393D3DB8-AA57-4775-B666-308DF149E553}.Release|x86.Deploy.0 = Release|Any CPU
		{F37109FE-DAC2-48A0-8AEF-6A7D2B6F8488}.Ad-Hoc|Any CPU.ActiveCfg = Ad-Hoc|iPhone
		{F37109FE-DAC2-48A0-8AEF-6A7D2B6F8488}.Ad-Hoc|Any CPU.Build.0 = Ad-Hoc|iPhone
		{F37109FE-DAC2-48A0-8AEF-6A7D2B6F8488}.Ad-Hoc|Any CPU.Deploy.0 = Ad-Hoc|iPhone
		{F37109FE-DAC2-48A0-8AEF-6A7D2B6F8488}.Ad-Hoc|ARM.ActiveCfg = Ad-Hoc|iPhone
		{F37109FE-DAC2-48A0-8AEF-6A7D2B6F8488}.Ad-Hoc|ARM.Build.0 = Ad-Hoc|iPhone
		{F37109FE-DAC2-48A0-8AEF-6A7D2B6F8488}.Ad-Hoc|ARM.Deploy.0 = Ad-Hoc|iPhone
		{F37109FE-DAC2-48A0-8AEF-6A7D2B6F8488}.Ad-Hoc|iPhone.ActiveCfg = Ad-Hoc|iPhone
		{F37109FE-DAC2-48A0-8AEF-6A7D2B6F8488}.Ad-Hoc|iPhone.Build.0 = Ad-Hoc|iPhone
		{F37109FE-DAC2-48A0-8AEF-6A7D2B6F8488}.Ad-Hoc|iPhone.Deploy.0 = Ad-Hoc|iPhone
		{F37109FE-DAC2-48A0-8AEF-6A7D2B6F8488}.Ad-Hoc|iPhoneSimulator.ActiveCfg = Ad-Hoc|iPhoneSimulator
		{F37109FE-DAC2-48A0-8AEF-6A7D2B6F8488}.Ad-Hoc|iPhoneSimulator.Build.0 = Ad-Hoc|iPhoneSimulator
		{F37109FE-DAC2-48A0-8AEF-6A7D2B6F8488}.Ad-Hoc|iPhoneSimulator.Deploy.0 = Ad-Hoc|iPhoneSimulator
		{F37109FE-DAC2-48A0-8AEF-6A7D2B6F8488}.Ad-Hoc|x64.ActiveCfg = Ad-Hoc|iPhone
		{F37109FE-DAC2-48A0-8AEF-6A7D2B6F8488}.Ad-Hoc|x64.Build.0 = Ad-Hoc|iPhone
		{F37109FE-DAC2-48A0-8AEF-6A7D2B6F8488}.Ad-Hoc|x64.Deploy.0 = Ad-Hoc|iPhone
		{F37109FE-DAC2-48A0-8AEF-6A7D2B6F8488}.Ad-Hoc|x86.ActiveCfg = Ad-Hoc|iPhone
		{F37109FE-DAC2-48A0-8AEF-6A7D2B6F8488}.Ad-Hoc|x86.Build.0 = Ad-Hoc|iPhone
		{F37109FE-DAC2-48A0-8AEF-6A7D2B6F8488}.Ad-Hoc|x86.Deploy.0 = Ad-Hoc|iPhone
		{F37109FE-DAC2-48A0-8AEF-6A7D2B6F8488}.AppStore|Any CPU.ActiveCfg = AppStore|iPhone
		{F37109FE-DAC2-48A0-8AEF-6A7D2B6F8488}.AppStore|Any CPU.Build.0 = AppStore|iPhone
		{F37109FE-DAC2-48A0-8AEF-6A7D2B6F8488}.AppStore|Any CPU.Deploy.0 = AppStore|iPhone
		{F37109FE-DAC2-48A0-8AEF-6A7D2B6F8488}.AppStore|ARM.ActiveCfg = AppStore|iPhone
		{F37109FE-DAC2-48A0-8AEF-6A7D2B6F8488}.AppStore|ARM.Build.0 = AppStore|iPhone
		{F37109FE-DAC2-48A0-8AEF-6A7D2B6F8488}.AppStore|ARM.Deploy.0 = AppStore|iPhone
		{F37109FE-DAC2-48A0-8AEF-6A7D2B6F8488}.AppStore|iPhone.ActiveCfg = AppStore|iPhone
		{F37109FE-DAC2-48A0-8AEF-6A7D2B6F8488}.AppStore|iPhone.Build.0 = AppStore|iPhone
		{F37109FE-DAC2-48A0-8AEF-6A7D2B6F8488}.AppStore|iPhone.Deploy.0 = AppStore|iPhone
		{F37109FE-DAC2-48A0-8AEF-6A7D2B6F8488}.AppStore|iPhoneSimulator.ActiveCfg = AppStore|iPhoneSimulator
		{F37109FE-DAC2-48A0-8AEF-6A7D2B6F8488}.AppStore|iPhoneSimulator.Build.0 = AppStore|iPhoneSimulator
		{F37109FE-DAC2-48A0-8AEF-6A7D2B6F8488}.AppStore|iPhoneSimulator.Deploy.0 = AppStore|iPhoneSimulator
		{F37109FE-DAC2-48A0-8AEF-6A7D2B6F8488}.AppStore|x64.ActiveCfg = AppStore|iPhone
		{F37109FE-DAC2-48A0-8AEF-6A7D2B6F8488}.AppStore|x64.Build.0 = AppStore|iPhone
		{F37109FE-DAC2-48A0-8AEF-6A7D2B6F8488}.AppStore|x64.Deploy.0 = AppStore|iPhone
		{F37109FE-DAC2-48A0-8AEF-6A7D2B6F8488}.AppStore|x86.ActiveCfg = AppStore|iPhone
		{F37109FE-DAC2-48A0-8AEF-6A7D2B6F8488}.AppStore|x86.Build.0 = AppStore|iPhone
		{F37109FE-DAC2-48A0-8AEF-6A7D2B6F8488}.AppStore|x86.Deploy.0 = AppStore|iPhone
		{F37109FE-DAC2-48A0-8AEF-6A7D2B6F8488}.Debug|Any CPU.ActiveCfg = Debug|iPhoneSimulator
		{F37109FE-DAC2-48A0-8AEF-6A7D2B6F8488}.Debug|Any CPU.Build.0 = Debug|iPhoneSimulator
		{F37109FE-DAC2-48A0-8AEF-6A7D2B6F8488}.Debug|Any CPU.Deploy.0 = Debug|iPhoneSimulator
		{F37109FE-DAC2-48A0-8AEF-6A7D2B6F8488}.Debug|ARM.ActiveCfg = Debug|iPhone
		{F37109FE-DAC2-48A0-8AEF-6A7D2B6F8488}.Debug|ARM.Build.0 = Debug|iPhone
		{F37109FE-DAC2-48A0-8AEF-6A7D2B6F8488}.Debug|ARM.Deploy.0 = Debug|iPhone
		{F37109FE-DAC2-48A0-8AEF-6A7D2B6F8488}.Debug|iPhone.ActiveCfg = Debug|iPhone
		{F37109FE-DAC2-48A0-8AEF-6A7D2B6F8488}.Debug|iPhone.Build.0 = Debug|iPhone
		{F37109FE-DAC2-48A0-8AEF-6A7D2B6F8488}.Debug|iPhone.Deploy.0 = Debug|iPhone
		{F37109FE-DAC2-48A0-8AEF-6A7D2B6F8488}.Debug|iPhoneSimulator.ActiveCfg = Debug|iPhoneSimulator
		{F37109FE-DAC2-48A0-8AEF-6A7D2B6F8488}.Debug|iPhoneSimulator.Build.0 = Debug|iPhoneSimulator
		{F37109FE-DAC2-48A0-8AEF-6A7D2B6F8488}.Debug|iPhoneSimulator.Deploy.0 = Debug|iPhoneSimulator
		{F37109FE-DAC2-48A0-8AEF-6A7D2B6F8488}.Debug|x64.ActiveCfg = Debug|iPhone
		{F37109FE-DAC2-48A0-8AEF-6A7D2B6F8488}.Debug|x64.Build.0 = Debug|iPhone
		{F37109FE-DAC2-48A0-8AEF-6A7D2B6F8488}.Debug|x64.Deploy.0 = Debug|iPhone
		{F37109FE-DAC2-48A0-8AEF-6A7D2B6F8488}.Debug|x86.ActiveCfg = Debug|iPhone
		{F37109FE-DAC2-48A0-8AEF-6A7D2B6F8488}.Debug|x86.Build.0 = Debug|iPhone
		{F37109FE-DAC2-48A0-8AEF-6A7D2B6F8488}.Debug|x86.Deploy.0 = Debug|iPhone
		{F37109FE-DAC2-48A0-8AEF-6A7D2B6F8488}.Release|Any CPU.ActiveCfg = Release|iPhone
		{F37109FE-DAC2-48A0-8AEF-6A7D2B6F8488}.Release|Any CPU.Build.0 = Release|iPhone
		{F37109FE-DAC2-48A0-8AEF-6A7D2B6F8488}.Release|Any CPU.Deploy.0 = Release|iPhone
		{F37109FE-DAC2-48A0-8AEF-6A7D2B6F8488}.Release|ARM.ActiveCfg = Release|iPhone
		{F37109FE-DAC2-48A0-8AEF-6A7D2B6F8488}.Release|ARM.Build.0 = Release|iPhone
		{F37109FE-DAC2-48A0-8AEF-6A7D2B6F8488}.Release|ARM.Deploy.0 = Release|iPhone
		{F37109FE-DAC2-48A0-8AEF-6A7D2B6F8488}.Release|iPhone.ActiveCfg = Release|iPhone
		{F37109FE-DAC2-48A0-8AEF-6A7D2B6F8488}.Release|iPhone.Build.0 = Release|iPhone
		{F37109FE-DAC2-48A0-8AEF-6A7D2B6F8488}.Release|iPhone.Deploy.0 = Release|iPhone
		{F37109FE-DAC2-48A0-8AEF-6A7D2B6F8488}.Release|iPhoneSimulator.ActiveCfg = Release|iPhoneSimulator
		{F37109FE-DAC2-48A0-8AEF-6A7D2B6F8488}.Release|iPhoneSimulator.Build.0 = Release|iPhoneSimulator
		{F37109FE-DAC2-48A0-8AEF-6A7D2B6F8488}.Release|iPhoneSimulator.Deploy.0 = Release|iPhoneSimulator
		{F37109FE-DAC2-48A0-8AEF-6A7D2B6F8488}.Release|x64.ActiveCfg = Release|iPhone
		{F37109FE-DAC2-48A0-8AEF-6A7D2B6F8488}.Release|x64.Build.0 = Release|iPhone
		{F37109FE-DAC2-48A0-8AEF-6A7D2B6F8488}.Release|x64.Deploy.0 = Release|iPhone
		{F37109FE-DAC2-48A0-8AEF-6A7D2B6F8488}.Release|x86.ActiveCfg = Release|iPhone
		{F37109FE-DAC2-48A0-8AEF-6A7D2B6F8488}.Release|x86.Build.0 = Release|iPhone
		{F37109FE-DAC2-48A0-8AEF-6A7D2B6F8488}.Release|x86.Deploy.0 = Release|iPhone
		{7EAB86DA-F931-4162-B1F1-C8291C67C677}.Ad-Hoc|Any CPU.ActiveCfg = Release|x86
		{7EAB86DA-F931-4162-B1F1-C8291C67C677}.Ad-Hoc|Any CPU.Build.0 = Release|x86
		{7EAB86DA-F931-4162-B1F1-C8291C67C677}.Ad-Hoc|Any CPU.Deploy.0 = Release|x86
		{7EAB86DA-F931-4162-B1F1-C8291C67C677}.Ad-Hoc|ARM.ActiveCfg = Release|ARM
		{7EAB86DA-F931-4162-B1F1-C8291C67C677}.Ad-Hoc|ARM.Build.0 = Release|ARM
		{7EAB86DA-F931-4162-B1F1-C8291C67C677}.Ad-Hoc|ARM.Deploy.0 = Release|ARM
		{7EAB86DA-F931-4162-B1F1-C8291C67C677}.Ad-Hoc|iPhone.ActiveCfg = Release|x86
		{7EAB86DA-F931-4162-B1F1-C8291C67C677}.Ad-Hoc|iPhone.Build.0 = Release|x86
		{7EAB86DA-F931-4162-B1F1-C8291C67C677}.Ad-Hoc|iPhone.Deploy.0 = Release|x86
		{7EAB86DA-F931-4162-B1F1-C8291C67C677}.Ad-Hoc|iPhoneSimulator.ActiveCfg = Release|x86
		{7EAB86DA-F931-4162-B1F1-C8291C67C677}.Ad-Hoc|iPhoneSimulator.Build.0 = Release|x86
		{7EAB86DA-F931-4162-B1F1-C8291C67C677}.Ad-Hoc|iPhoneSimulator.Deploy.0 = Release|x86
		{7EAB86DA-F931-4162-B1F1-C8291C67C677}.Ad-Hoc|x64.ActiveCfg = Release|x64
		{7EAB86DA-F931-4162-B1F1-C8291C67C677}.Ad-Hoc|x64.Build.0 = Release|x64
		{7EAB86DA-F931-4162-B1F1-C8291C67C677}.Ad-Hoc|x64.Deploy.0 = Release|x64
		{7EAB86DA-F931-4162-B1F1-C8291C67C677}.Ad-Hoc|x86.ActiveCfg = Release|x86
		{7EAB86DA-F931-4162-B1F1-C8291C67C677}.Ad-Hoc|x86.Build.0 = Release|x86
		{7EAB86DA-F931-4162-B1F1-C8291C67C677}.Ad-Hoc|x86.Deploy.0 = Release|x86
		{7EAB86DA-F931-4162-B1F1-C8291C67C677}.AppStore|Any CPU.ActiveCfg = Release|x86
		{7EAB86DA-F931-4162-B1F1-C8291C67C677}.AppStore|Any CPU.Build.0 = Release|x86
		{7EAB86DA-F931-4162-B1F1-C8291C67C677}.AppStore|Any CPU.Deploy.0 = Release|x86
		{7EAB86DA-F931-4162-B1F1-C8291C67C677}.AppStore|ARM.ActiveCfg = Release|ARM
		{7EAB86DA-F931-4162-B1F1-C8291C67C677}.AppStore|ARM.Build.0 = Release|ARM
		{7EAB86DA-F931-4162-B1F1-C8291C67C677}.AppStore|ARM.Deploy.0 = Release|ARM
		{7EAB86DA-F931-4162-B1F1-C8291C67C677}.AppStore|iPhone.ActiveCfg = Release|x86
		{7EAB86DA-F931-4162-B1F1-C8291C67C677}.AppStore|iPhone.Build.0 = Release|x86
		{7EAB86DA-F931-4162-B1F1-C8291C67C677}.AppStore|iPhone.Deploy.0 = Release|x86
		{7EAB86DA-F931-4162-B1F1-C8291C67C677}.AppStore|iPhoneSimulator.ActiveCfg = Release|x86
		{7EAB86DA-F931-4162-B1F1-C8291C67C677}.AppStore|iPhoneSimulator.Build.0 = Release|x86
		{7EAB86DA-F931-4162-B1F1-C8291C67C677}.AppStore|iPhoneSimulator.Deploy.0 = Release|x86
		{7EAB86DA-F931-4162-B1F1-C8291C67C677}.AppStore|x64.ActiveCfg = Release|x64
		{7EAB86DA-F931-4162-B1F1-C8291C67C677}.AppStore|x64.Build.0 = Release|x64
		{7EAB86DA-F931-4162-B1F1-C8291C67C677}.AppStore|x64.Deploy.0 = Release|x64
		{7EAB86DA-F931-4162-B1F1-C8291C67C677}.AppStore|x86.ActiveCfg = Release|x86
		{7EAB86DA-F931-4162-B1F1-C8291C67C677}.AppStore|x86.Build.0 = Release|x86
		{7EAB86DA-F931-4162-B1F1-C8291C67C677}.AppStore|x86.Deploy.0 = Release|x86
		{7EAB86DA-F931-4162-B1F1-C8291C67C677}.Debug|Any CPU.ActiveCfg = Debug|x86
		{7EAB86DA-F931-4162-B1F1-C8291C67C677}.Debug|Any CPU.Build.0 = Debug|x86
		{7EAB86DA-F931-4162-B1F1-C8291C67C677}.Debug|Any CPU.Deploy.0 = Debug|x86
		{7EAB86DA-F931-4162-B1F1-C8291C67C677}.Debug|ARM.ActiveCfg = Debug|ARM
		{7EAB86DA-F931-4162-B1F1-C8291C67C677}.Debug|ARM.Build.0 = Debug|ARM
		{7EAB86DA-F931-4162-B1F1-C8291C67C677}.Debug|ARM.Deploy.0 = Debug|ARM
		{7EAB86DA-F931-4162-B1F1-C8291C67C677}.Debug|iPhone.ActiveCfg = Debug|x86
		{7EAB86DA-F931-4162-B1F1-C8291C67C677}.Debug|iPhone.Build.0 = Debug|x86
		{7EAB86DA-F931-4162-B1F1-C8291C67C677}.Debug|iPhone.Deploy.0 = Debug|x86
		{7EAB86DA-F931-4162-B1F1-C8291C67C677}.Debug|iPhoneSimulator.ActiveCfg = Debug|x86
		{7EAB86DA-F931-4162-B1F1-C8291C67C677}.Debug|iPhoneSimulator.Build.0 = Debug|x86
		{7EAB86DA-F931-4162-B1F1-C8291C67C677}.Debug|iPhoneSimulator.Deploy.0 = Debug|x86
		{7EAB86DA-F931-4162-B1F1-C8291C67C677}.Debug|x64.ActiveCfg = Debug|x64
		{7EAB86DA-F931-4162-B1F1-C8291C67C677}.Debug|x64.Build.0 = Debug|x64
		{7EAB86DA-F931-4162-B1F1-C8291C67C677}.Debug|x64.Deploy.0 = Debug|x64
		{7EAB86DA-F931-4162-B1F1-C8291C67C677}.Debug|x86.ActiveCfg = Debug|x86
		{7EAB86DA-F931-4162-B1F1-C8291C67C677}.Debug|x86.Build.0 = Debug|x86
		{7EAB86DA-F931-4162-B1F1-C8291C67C677}.Debug|x86.Deploy.0 = Debug|x86
		{7EAB86DA-F931-4162-B1F1-C8291C67C677}.Release|Any CPU.ActiveCfg = Release|x86
		{7EAB86DA-F931-4162-B1F1-C8291C67C677}.Release|Any CPU.Build.0 = Release|x86
		{7EAB86DA-F931-4162-B1F1-C8291C67C677}.Release|Any CPU.Deploy.0 = Release|x86
		{7EAB86DA-F931-4162-B1F1-C8291C67C677}.Release|ARM.ActiveCfg = Release|ARM
		{7EAB86DA-F931-4162-B1F1-C8291C67C677}.Release|ARM.Build.0 = Release|ARM
		{7EAB86DA-F931-4162-B1F1-C8291C67C677}.Release|ARM.Deploy.0 = Release|ARM
		{7EAB86DA-F931-4162-B1F1-C8291C67C677}.Release|iPhone.ActiveCfg = Release|x86
		{7EAB86DA-F931-4162-B1F1-C8291C67C677}.Release|iPhone.Build.0 = Release|x86
		{7EAB86DA-F931-4162-B1F1-C8291C67C677}.Release|iPhone.Deploy.0 = Release|x86
		{7EAB86DA-F931-4162-B1F1-C8291C67C677}.Release|iPhoneSimulator.ActiveCfg = Release|x86
		{7EAB86DA-F931-4162-B1F1-C8291C67C677}.Release|iPhoneSimulator.Build.0 = Release|x86
		{7EAB86DA-F931-4162-B1F1-C8291C67C677}.Release|iPhoneSimulator.Deploy.0 = Release|x86
		{7EAB86DA-F931-4162-B1F1-C8291C67C677}.Release|x64.ActiveCfg = Release|x64
		{7EAB86DA-F931-4162-B1F1-C8291C67C677}.Release|x64.Build.0 = Release|x64
		{7EAB86DA-F931-4162-B1F1-C8291C67C677}.Release|x64.Deploy.0 = Release|x64
		{7EAB86DA-F931-4162-B1F1-C8291C67C677}.Release|x86.ActiveCfg = Release|x86
		{7EAB86DA-F931-4162-B1F1-C8291C67C677}.Release|x86.Build.0 = Release|x86
		{7EAB86DA-F931-4162-B1F1-C8291C67C677}.Release|x86.Deploy.0 = Release|x86
		{38AD34F8-15B7-4161-B2D9-2A9DD2C249EC}.Ad-Hoc|Any CPU.ActiveCfg = Debug|Any CPU
		{38AD34F8-15B7-4161-B2D9-2A9DD2C249EC}.Ad-Hoc|Any CPU.Build.0 = Debug|Any CPU
		{38AD34F8-15B7-4161-B2D9-2A9DD2C249EC}.Ad-Hoc|Any CPU.Deploy.0 = Debug|Any CPU
		{38AD34F8-15B7-4161-B2D9-2A9DD2C249EC}.Ad-Hoc|ARM.ActiveCfg = Debug|Any CPU
		{38AD34F8-15B7-4161-B2D9-2A9DD2C249EC}.Ad-Hoc|ARM.Build.0 = Debug|Any CPU
		{38AD34F8-15B7-4161-B2D9-2A9DD2C249EC}.Ad-Hoc|ARM.Deploy.0 = Debug|Any CPU
		{38AD34F8-15B7-4161-B2D9-2A9DD2C249EC}.Ad-Hoc|iPhone.ActiveCfg = Debug|Any CPU
		{38AD34F8-15B7-4161-B2D9-2A9DD2C249EC}.Ad-Hoc|iPhone.Build.0 = Debug|Any CPU
		{38AD34F8-15B7-4161-B2D9-2A9DD2C249EC}.Ad-Hoc|iPhone.Deploy.0 = Debug|Any CPU
		{38AD34F8-15B7-4161-B2D9-2A9DD2C249EC}.Ad-Hoc|iPhoneSimulator.ActiveCfg = Debug|Any CPU
		{38AD34F8-15B7-4161-B2D9-2A9DD2C249EC}.Ad-Hoc|iPhoneSimulator.Build.0 = Debug|Any CPU
		{38AD34F8-15B7-4161-B2D9-2A9DD2C249EC}.Ad-Hoc|iPhoneSimulator.Deploy.0 = Debug|Any CPU
		{38AD34F8-15B7-4161-B2D9-2A9DD2C249EC}.Ad-Hoc|x64.ActiveCfg = Debug|Any CPU
		{38AD34F8-15B7-4161-B2D9-2A9DD2C249EC}.Ad-Hoc|x64.Build.0 = Debug|Any CPU
		{38AD34F8-15B7-4161-B2D9-2A9DD2C249EC}.Ad-Hoc|x64.Deploy.0 = Debug|Any CPU
		{38AD34F8-15B7-4161-B2D9-2A9DD2C249EC}.Ad-Hoc|x86.ActiveCfg = Debug|Any CPU
		{38AD34F8-15B7-4161-B2D9-2A9DD2C249EC}.Ad-Hoc|x86.Build.0 = Debug|Any CPU
		{38AD34F8-15B7-4161-B2D9-2A9DD2C249EC}.Ad-Hoc|x86.Deploy.0 = Debug|Any CPU
		{38AD34F8-15B7-4161-B2D9-2A9DD2C249EC}.AppStore|Any CPU.ActiveCfg = Debug|Any CPU
		{38AD34F8-15B7-4161-B2D9-2A9DD2C249EC}.AppStore|Any CPU.Build.0 = Debug|Any CPU
		{38AD34F8-15B7-4161-B2D9-2A9DD2C249EC}.AppStore|Any CPU.Deploy.0 = Debug|Any CPU
		{38AD34F8-15B7-4161-B2D9-2A9DD2C249EC}.AppStore|ARM.ActiveCfg = Debug|Any CPU
		{38AD34F8-15B7-4161-B2D9-2A9DD2C249EC}.AppStore|ARM.Build.0 = Debug|Any CPU
		{38AD34F8-15B7-4161-B2D9-2A9DD2C249EC}.AppStore|ARM.Deploy.0 = Debug|Any CPU
		{38AD34F8-15B7-4161-B2D9-2A9DD2C249EC}.AppStore|iPhone.ActiveCfg = Debug|Any CPU
		{38AD34F8-15B7-4161-B2D9-2A9DD2C249EC}.AppStore|iPhone.Build.0 = Debug|Any CPU
		{38AD34F8-15B7-4161-B2D9-2A9DD2C249EC}.AppStore|iPhone.Deploy.0 = Debug|Any CPU
		{38AD34F8-15B7-4161-B2D9-2A9DD2C249EC}.AppStore|iPhoneSimulator.ActiveCfg = Debug|Any CPU
		{38AD34F8-15B7-4161-B2D9-2A9DD2C249EC}.AppStore|iPhoneSimulator.Build.0 = Debug|Any CPU
		{38AD34F8-15B7-4161-B2D9-2A9DD2C249EC}.AppStore|iPhoneSimulator.Deploy.0 = Debug|Any CPU
		{38AD34F8-15B7-4161-B2D9-2A9DD2C249EC}.AppStore|x64.ActiveCfg = Debug|Any CPU
		{38AD34F8-15B7-4161-B2D9-2A9DD2C249EC}.AppStore|x64.Build.0 = Debug|Any CPU
		{38AD34F8-15B7-4161-B2D9-2A9DD2C249EC}.AppStore|x64.Deploy.0 = Debug|Any CPU
		{38AD34F8-15B7-4161-B2D9-2A9DD2C249EC}.AppStore|x86.ActiveCfg = Debug|Any CPU
		{38AD34F8-15B7-4161-B2D9-2A9DD2C249EC}.AppStore|x86.Build.0 = Debug|Any CPU
		{38AD34F8-15B7-4161-B2D9-2A9DD2C249EC}.AppStore|x86.Deploy.0 = Debug|Any CPU
		{38AD34F8-15B7-4161-B2D9-2A9DD2C249EC}.Debug|Any CPU.ActiveCfg = Debug|Any CPU
		{38AD34F8-15B7-4161-B2D9-2A9DD2C249EC}.Debug|Any CPU.Build.0 = Debug|Any CPU
		{38AD34F8-15B7-4161-B2D9-2A9DD2C249EC}.Debug|Any CPU.Deploy.0 = Debug|Any CPU
		{38AD34F8-15B7-4161-B2D9-2A9DD2C249EC}.Debug|ARM.ActiveCfg = Debug|Any CPU
		{38AD34F8-15B7-4161-B2D9-2A9DD2C249EC}.Debug|ARM.Build.0 = Debug|Any CPU
		{38AD34F8-15B7-4161-B2D9-2A9DD2C249EC}.Debug|ARM.Deploy.0 = Debug|Any CPU
		{38AD34F8-15B7-4161-B2D9-2A9DD2C249EC}.Debug|iPhone.ActiveCfg = Debug|Any CPU
		{38AD34F8-15B7-4161-B2D9-2A9DD2C249EC}.Debug|iPhone.Build.0 = Debug|Any CPU
		{38AD34F8-15B7-4161-B2D9-2A9DD2C249EC}.Debug|iPhone.Deploy.0 = Debug|Any CPU
		{38AD34F8-15B7-4161-B2D9-2A9DD2C249EC}.Debug|iPhoneSimulator.ActiveCfg = Debug|Any CPU
		{38AD34F8-15B7-4161-B2D9-2A9DD2C249EC}.Debug|iPhoneSimulator.Build.0 = Debug|Any CPU
		{38AD34F8-15B7-4161-B2D9-2A9DD2C249EC}.Debug|iPhoneSimulator.Deploy.0 = Debug|Any CPU
		{38AD34F8-15B7-4161-B2D9-2A9DD2C249EC}.Debug|x64.ActiveCfg = Debug|Any CPU
		{38AD34F8-15B7-4161-B2D9-2A9DD2C249EC}.Debug|x64.Build.0 = Debug|Any CPU
		{38AD34F8-15B7-4161-B2D9-2A9DD2C249EC}.Debug|x64.Deploy.0 = Debug|Any CPU
		{38AD34F8-15B7-4161-B2D9-2A9DD2C249EC}.Debug|x86.ActiveCfg = Debug|Any CPU
		{38AD34F8-15B7-4161-B2D9-2A9DD2C249EC}.Debug|x86.Build.0 = Debug|Any CPU
		{38AD34F8-15B7-4161-B2D9-2A9DD2C249EC}.Debug|x86.Deploy.0 = Debug|Any CPU
		{38AD34F8-15B7-4161-B2D9-2A9DD2C249EC}.Release|Any CPU.ActiveCfg = Release|Any CPU
		{38AD34F8-15B7-4161-B2D9-2A9DD2C249EC}.Release|Any CPU.Build.0 = Release|Any CPU
		{38AD34F8-15B7-4161-B2D9-2A9DD2C249EC}.Release|Any CPU.Deploy.0 = Release|Any CPU
		{38AD34F8-15B7-4161-B2D9-2A9DD2C249EC}.Release|ARM.ActiveCfg = Release|Any CPU
		{38AD34F8-15B7-4161-B2D9-2A9DD2C249EC}.Release|ARM.Build.0 = Release|Any CPU
		{38AD34F8-15B7-4161-B2D9-2A9DD2C249EC}.Release|ARM.Deploy.0 = Release|Any CPU
		{38AD34F8-15B7-4161-B2D9-2A9DD2C249EC}.Release|iPhone.ActiveCfg = Release|Any CPU
		{38AD34F8-15B7-4161-B2D9-2A9DD2C249EC}.Release|iPhone.Build.0 = Release|Any CPU
		{38AD34F8-15B7-4161-B2D9-2A9DD2C249EC}.Release|iPhone.Deploy.0 = Release|Any CPU
		{38AD34F8-15B7-4161-B2D9-2A9DD2C249EC}.Release|iPhoneSimulator.ActiveCfg = Release|Any CPU
		{38AD34F8-15B7-4161-B2D9-2A9DD2C249EC}.Release|iPhoneSimulator.Build.0 = Release|Any CPU
		{38AD34F8-15B7-4161-B2D9-2A9DD2C249EC}.Release|iPhoneSimulator.Deploy.0 = Release|Any CPU
		{38AD34F8-15B7-4161-B2D9-2A9DD2C249EC}.Release|x64.ActiveCfg = Release|Any CPU
		{38AD34F8-15B7-4161-B2D9-2A9DD2C249EC}.Release|x64.Build.0 = Release|Any CPU
		{38AD34F8-15B7-4161-B2D9-2A9DD2C249EC}.Release|x64.Deploy.0 = Release|Any CPU
		{38AD34F8-15B7-4161-B2D9-2A9DD2C249EC}.Release|x86.ActiveCfg = Release|Any CPU
		{38AD34F8-15B7-4161-B2D9-2A9DD2C249EC}.Release|x86.Build.0 = Release|Any CPU
		{38AD34F8-15B7-4161-B2D9-2A9DD2C249EC}.Release|x86.Deploy.0 = Release|Any CPU
	EndGlobalSection
	GlobalSection(SolutionProperties) = preSolution
		HideSolutionNode = FALSE
	EndGlobalSection
	GlobalSection(ExtensibilityGlobals) = postSolution
		SolutionGuid = {21B3D5EA-E820-43AA-927C-3FB1AB7DA2B1}
	EndGlobalSection
EndGlobal
